
Microsoft Visual Studio Solution File, Format Version 12.00
# Visual Studio Version 17
VisualStudioVersion = 17.0.31912.275
MinimumVisualStudioVersion = 10.0.40219.1
Project("{FAE04EC0-301F-11D3-BF4B-00C04F79EFBC}") = "scraper1", "scraper1\scraper1.csproj", "{E4ED6634-4F64-4026-8D75-53A7089B83A4}"
EndProject
Global
	GlobalSection(SolutionConfigurationPlatforms) = preSolution
		Debug|Any CPU = Debug|Any CPU
		Release|Any CPU = Release|Any CPU
	EndGlobalSection
	GlobalSection(ProjectConfigurationPlatforms) = postSolution
		{E4ED6634-4F64-4026-8D75-53A7089B83A4}.Debug|Any CPU.ActiveCfg = Debug|Any CPU
		{E4ED6634-4F64-4026-8D75-53A7089B83A4}.Debug|Any CPU.Build.0 = Debug|Any CPU
		{E4ED6634-4F64-4026-8D75-53A7089B83A4}.Release|Any CPU.ActiveCfg = Release|Any CPU
		{E4ED6634-4F64-4026-8D75-53A7089B83A4}.Release|Any CPU.Build.0 = Release|Any CPU
	EndGlobalSection
	GlobalSection(SolutionProperties) = preSolution
		HideSolutionNode = FALSE
	EndGlobalSection
	GlobalSection(ExtensibilityGlobals) = postSolution
		SolutionGuid = {B6D13DAF-D7FD-403D-A2E4-3ADF22B60BF6}
	EndGlobalSection
EndGlobal
